
Microsoft Visual Studio Solution File, Format Version 12.00
# Visual Studio Version 17
VisualStudioVersion = 17.4.33213.308
MinimumVisualStudioVersion = 10.0.40219.1
Project("{FAE04EC0-301F-11D3-BF4B-00C04F79EFBC}") = "MiddlewarePractice", "MiddlewarePractice\MiddlewarePractice.csproj", "{37F76806-C563-43E6-B023-ECE6073F637E}"
EndProject
Global
	GlobalSection(SolutionConfigurationPlatforms) = preSolution
		Debug|Any CPU = Debug|Any CPU
		Release|Any CPU = Release|Any CPU
	EndGlobalSection
	GlobalSection(ProjectConfigurationPlatforms) = postSolution
		{37F76806-C563-43E6-B023-ECE6073F637E}.Debug|Any CPU.ActiveCfg = Debug|Any CPU
		{37F76806-C563-43E6-B023-ECE6073F637E}.Debug|Any CPU.Build.0 = Debug|Any CPU
		{37F76806-C563-43E6-B023-ECE6073F637E}.Release|Any CPU.ActiveCfg = Release|Any CPU
		{37F76806-C563-43E6-B023-ECE6073F637E}.Release|Any CPU.Build.0 = Release|Any CPU
	EndGlobalSection
	GlobalSection(SolutionProperties) = preSolution
		HideSolutionNode = FALSE
	EndGlobalSection
	GlobalSection(ExtensibilityGlobals) = postSolution
		SolutionGuid = {EAF962BB-0420-44B9-A03A-F15C59FA6051}
	EndGlobalSection
EndGlobal
